github.com/clipperhouse/fsnotify v1.1.0 h1:1y4YdnpehvsZjcBAsB11NTAxTnosrNYkLrNu143AeoA=
github.com/clipperhouse/fsnotify v1.1.0/go.mod h1:02cAp0ulHiqd5NMAwSbW7csg6TnVUFkK+o9CYfkAKYs=
github.com/clipperhouse/gen v4.1.1+incompatible h1:D3z+DxBhPjKZVDL3E5/bYLeO4jOHV4L/Xy3vFZmQtW8=
github.com/clipperhouse/gen v4.1.1+incompatible/go.mod h1:UwqyCrDHGyDt5Tt7x7Ca+A5lqeqeVEJUquFvJ4ttY3Y=
github.com/clipperhouse/linkedlist v0.0.0-20141129044412-bf5ab6f9daf9 h1:MpHARvSPE/M6daBX3Q8+FjNg+EMC/vKLfSaH1d5m2nk=
github.com/clipperhouse/linkedlist v0.0.0-20141129044412-bf5ab6f9daf9/go.mod h1:oZq9oP5mwfBlbNt7LjGZQmvIj1go/tlP9WWt+Yq1PDs=
github.com/clipperhouse/slice v0.0.0-20150301173354-3ae82e00044e h1:3ESzWecVm6m0iJ9jMBWQ6X95iFNeFchl9HVSoQlkemc=
github.com/clipperhouse/slice v0.0.0-20150301173354-3ae82e00044e/go.mod h1:lGih/it5GKwQ97fF15GEx1d9LYzgtw2fGaPA5mV9zSc=
github.com/clipperhouse/typewriter v0.0.0-20180611194931-86cb4c0175cc h1:m8F4dkHv/Z81PpLTaf+YCfU7qXzTTYclXwO+iU34SHQ=
github.com/clipperhouse/typewriter v0.0.0-20180611194931-86cb4c0175cc/go.mod h1:22kCkEqgk8mZZLKxg8OE81J/HZLI81vW5cuSEE3p0KY=
github.com/davecgh/go-spew v1.1.0 h1:ZDRjVQ15GmhC3fiQ8ni8+OwkZQO4DARzQgrnXU1Liz8=
github.com/davecgh/go-spew v1.1.0/go.mod h1:J7Y8YcW2NihsgmVo/mv3lAwl/skON4iLHjSsI+c5H38=
github.com/pmezard/go-difflib v1.0.0 h1:4DBwDE0NGyQoBHbLQYPwSUPoCMWR5BEzIk/f1lZbAQM=
github.com/pmezard/go-difflib v1.0.0/go.mod h1:iKH77koFhYxTK1pcRnkKkqfTogsbg7gZNVY4sRDYZ/4=
github.com/seehuhn/mt19937 v0.0.0-20180715112136-cc7708819361 h1:Nnks5IJM8QjJsF+ZL79E8qQLlEgbpd3l3T9A4A+OLrc=
github.com/seehuhn/mt19937 v0.0.0-20180715112136-cc7708819361/go.mod h1:w+IAy13Luqfsp+plFpT1RiqauADylJKmpkrWFwpjbsc=
github.com/stretchr/objx v0.1.0/go.mod h1:HFkY916IF+rwdDfMAkV7OtwuqBVzrE8GR6GFx+wExME=
github.com/stretchr/testify v1.3.0 h1:TivCn/peBQ7UY8ooIcPgZFpTNSz0Q2U6UrFlUfqbe0Q=
github.com/stretchr/testify v1.3.0/go.mod h1:M5WIy9Dh21IEIfnGCwXGc5bZfKNJtfHm1UVUgZn+9EI=
github.com/thoas/go-funk v0.0.0-20181020164546-fbae87fb5b5c h1:3sFKuGerP3mGyXo7gDR1dGQ6GdIrI8s5KWmct0R5J6A=
github.com/thoas/go-funk v0.0.0-20181020164546-fbae87fb5b5c/go.mod h1:mlR+dHGb+4YgXkf13rkQTuzrneeHANxOm6+ZnEV9HsA=
golang.org/x/net v0.0.0-20190213061140-3a22650c66bd/go.mod h1:mL1N/T3taQHkDXs73rZJwtUhF3w3ftmwwsq0BUmARs4=
golang.org/x/tools v0.0.0-20190308174544-00c44ba9c14f h1:SUQ6L9W8e5xt2GFO9s+i18JGITAfem+a0AQuFU8Ls74=
golang.org/x/tools v0.0.0-20190308174544-00c44ba9c14f/go.mod h1:25r3+/G6/xytQM8iWZKq3Hn0kr0rgFKPUNVEL/dr3z4=
